
Microsoft Visual Studio Solution File, Format Version 12.00
# Visual Studio Version 16
VisualStudioVersion = 16.0.31702.278
MinimumVisualStudioVersion = 10.0.40219.1
Project("{E24C65DC-7377-472B-9ABA-BC803B73C61A}") = "pertemuan2", "pertemuan2\", "{796E2EE8-85E2-4CBA-BDA0-3B2994574D8E}"
	ProjectSection(WebsiteProperties) = preProject
		TargetFrameworkMoniker = ".NETFramework,Version%3Dv4.7.2"
		Debug.AspNetCompiler.VirtualPath = "/localhost_54288"
		Debug.AspNetCompiler.PhysicalPath = "pertemuan2\"
		Debug.AspNetCompiler.TargetPath = "PrecompiledWeb\localhost_54288\"
		Debug.AspNetCompiler.Updateable = "true"
		Debug.AspNetCompiler.ForceOverwrite = "true"
		Debug.AspNetCompiler.FixedNames = "false"
		Debug.AspNetCompiler.Debug = "True"
		Release.AspNetCompiler.VirtualPath = "/localhost_54288"
		Release.AspNetCompiler.PhysicalPath = "pertemuan2\"
		Release.AspNetCompiler.TargetPath = "PrecompiledWeb\localhost_54288\"
		Release.AspNetCompiler.Updateable = "true"
		Release.AspNetCompiler.ForceOverwrite = "true"
		Release.AspNetCompiler.FixedNames = "false"
		Release.AspNetCompiler.Debug = "False"
		VWDPort = "54288"
		SlnRelativePath = "pertemuan2\"
		DefaultWebSiteLanguage = "Visual Basic"
	EndProjectSection
EndProject
Global
	GlobalSection(SolutionConfigurationPlatforms) = preSolution
		Debug|Any CPU = Debug|Any CPU
	EndGlobalSection
	GlobalSection(ProjectConfigurationPlatforms) = postSolution
		{796E2EE8-85E2-4CBA-BDA0-3B2994574D8E}.Debug|Any CPU.ActiveCfg = Debug|Any CPU
		{796E2EE8-85E2-4CBA-BDA0-3B2994574D8E}.Debug|Any CPU.Build.0 = Debug|Any CPU
	EndGlobalSection
	GlobalSection(SolutionProperties) = preSolution
		HideSolutionNode = FALSE
	EndGlobalSection
	GlobalSection(ExtensibilityGlobals) = postSolution
		SolutionGuid = {73B059EA-F6F9-42EA-B227-84E9E7795EAB}
	EndGlobalSection
EndGlobal
